PODS:
  - InjectableLoggers (1.1.0)
  - MockNStub (0.1.0):
    - InjectableLoggers (~> 1)
  - Nimble (7.0.3)
  - Quick (1.2.0)

DEPENDENCIES:
  - MockNStub (from `../`)
  - Nimble (~> 7.0.2)
  - Quick (~> 1.2.0)

SPEC REPOS:
  https://github.com/cocoapods/specs.git:
    - InjectableLoggers
    - Nimble
    - Quick

EXTERNAL SOURCES:
  MockNStub:
    :path: "../"

SPEC CHECKSUMS:
  InjectableLoggers: 4c597e6e6214d64e8e840238ec9e1a4cc70da60a
  MockNStub: 0442001782d45c982467e2667e7e405f77b50176
  Nimble: 7f5a9c447a33002645a071bddafbfb24ea70e0ac
  Quick: 58d203b1c5e27fff7229c4c1ae445ad7069a7a08

PODFILE CHECKSUM: 2b3fdb6f13c543be901590722620d822229d3d8b

COCOAPODS: 1.5.2
