PODS:
  - CanMock (0.1.0)
  - Nimble (7.1.1)
  - Quick (1.3.0)

DEPENDENCIES:
  - CanMock (from `../`)
  - Nimble
  - Quick

SPEC REPOS:
  https://github.com/CocoaPods/Specs.git:
    - Nimble
    - Quick

EXTERNAL SOURCES:
  CanMock:
    :path: "../"

SPEC CHECKSUMS:
  CanMock: 75222a6d6e76debc09d3e211c8f391e7bce7e8a3
  Nimble: 391f07782af4b37914f9bd7b2ffbb952731b8202
  Quick: 03278013f71aa05fe9ecabc94fbcc6835f1ee76f

PODFILE CHECKSUM: 5df355823c8f48c0dc9b72158050e6820c721d51

COCOAPODS: 1.5.0
