PODS:
  - ArrayPlusTuple (1.0.0):
    - InjectableLoggers (~> 1.2)
  - InjectableLoggers (1.2.0)
  - MockNStub (3.1.0):
    - ArrayPlusTuple (~> 1)
    - InjectableLoggers (~> 1)
  - Nimble (7.0.3)
  - Quick (1.3.0)
  - QuickGWT (1.0.0):
    - Quick (~> 1.3)

DEPENDENCIES:
  - MockNStub (from `../`)
  - Nimble (~> 7.0.2)
  - Quick (~> 1.3)
  - QuickGWT (~> 1)

SPEC REPOS:
  https://github.com/cocoapods/specs.git:
    - ArrayPlusTuple
    - InjectableLoggers
    - Nimble
    - Quick
    - QuickGWT

EXTERNAL SOURCES:
  MockNStub:
    :path: "../"

SPEC CHECKSUMS:
  ArrayPlusTuple: 9e5d3c9354518dc7315ddf9cff0822b967ae6166
  InjectableLoggers: f63523bbb55c5b41ba7cb6a053f5de7aca20a009
  MockNStub: 3c0ccc702d5b15ec35208d67672e4dcd4de6a36e
  Nimble: 7f5a9c447a33002645a071bddafbfb24ea70e0ac
  Quick: 03278013f71aa05fe9ecabc94fbcc6835f1ee76f
  QuickGWT: 1c95a0ec7bfb87f7afba8d6ad92af6c526402d6e

PODFILE CHECKSUM: a7d186fdc724001ec1d1c005e979795aca2b3aa8

COCOAPODS: 1.5.2
