{
  "object": {
    "pins": [
      {
        "package": "ArrayPlusTuple",
        "repositoryURL": "https://github.com/lvnkmn/ArrayPlusTuple",
        "state": {
          "branch": null,
          "revision": "4cc0ce2f2a154f7093b5b090aa59df7eacb0a642",
          "version": "2.1.0"
        }
      },
      {
        "package": "CwlCatchException",
        "repositoryURL": "https://github.com/mattgallagher/CwlCatchException.git",
        "state": {
          "branch": null,
          "revision": "7cd2f8cacc4d22f21bc0b2309c3b18acf7957b66",
          "version": "1.2.0"
        }
      },
      {
        "package": "CwlPreconditionTesting",
        "repositoryURL": "https://github.com/mattgallagher/CwlPreconditionTesting.git",
        "state": {
          "branch": null,
          "revision": "c228db5d2ad1b01ebc84435e823e6cca4e3db98b",
          "version": "1.2.0"
        }
      },
      {
        "package": "InjectableLoggers",
        "repositoryURL": "https://github.com/lvnkmn/InjectableLoggers",
        "state": {
          "branch": null,
          "revision": "0092a51940b00bb09ffb0593e7ed53140b3b4806",
          "version": "2.1.1"
        }
      },
      {
        "package": "Nimble",
        "repositoryURL": "https://github.com/Quick/Nimble",
        "state": {
          "branch": null,
          "revision": "b02b00b30b6353632aa4a5fb6124f8147f7140c0",
          "version": "8.0.5"
        }
      }
    ]
  },
  "version": 1
}
